{
    "_readme": [
        "This file locks the dependencies of your project to a known state",
        "Read more about it at https://getcomposer.org/doc/01-basic-usage.md#installing-dependencies",
        "This file is @generated automatically"
    ],
    "content-hash": "c6ffea1b6ce0dd07f942d392ce8f0ffa",
    "packages": [
        {
            "name": "bacon/bacon-qr-code",
            "version": "v3.1.1",
            "source": {
                "type": "git",
                "url": "https://github.com/Bacon/BaconQrCode.git",
                "reference": "4da2233e72eeecd9be3b62e0dc2cc9ed8e2e31c2"
            },
            "dist": {
                "type": "zip",
                "url": "https://api.github.com/repos/Bacon/BaconQrCode/zipball/4da2233e72eeecd9be3b62e0dc2cc9ed8e2e31c2",
                "reference": "4da2233e72eeecd9be3b62e0dc2cc9ed8e2e31c2",
                "shasum": ""
            },
            "require": {
                "dasprid/enum": "^1.0.3",
                "ext-iconv": "*",
                "php": "^8.1"
            },
            "require-dev": {
                "phly/keep-a-changelog": "^2.12",
                "phpunit/phpunit": "^10.5.11 || ^11.0.4",
                "spatie/phpunit-snapshot-assertions": "^5.1.5",
                "spatie/pixelmatch-php": "^1.2.0",
                "squizlabs/php_codesniffer": "^3.9"
            },
            "suggest": {
                "ext-imagick": "to generate QR code images"
            },
            "type": "library",
            "autoload": {
                "psr-4": {
                    "BaconQrCode\\": "src/"
                }
            },
            "notification-url": "https://packagist.org/downloads/",
            "license": [
                "BSD-2-Clause"
            ],
            "authors": [
                {
                    "name": "Ben Scholzen 'DASPRiD'",
                    "email": "mail@dasprids.de",
                    "homepage": "https://dasprids.de/",
                    "role": "Developer"
                }
            ],
            "description": "BaconQrCode is a QR code generator for PHP.",
            "homepage": "https://github.com/Bacon/BaconQrCode",
            "support": {
                "issues": "https://github.com/Bacon/BaconQrCode/issues",
                "source": "https://github.com/Bacon/BaconQrCode/tree/v3.1.1"
            },
            "time": "2026-04-05T21:06:35+00:00"
        },
        {
            "name": "dasprid/enum",
            "version": "1.0.7",
            "source": {
                "type": "git",
                "url": "https://github.com/DASPRiD/Enum.git",
                "reference": "b5874fa9ed0043116c72162ec7f4fb50e02e7cce"
            },
            "dist": {
                "type": "zip",
                "url": "https://api.github.com/repos/DASPRiD/Enum/zipball/b5874fa9ed0043116c72162ec7f4fb50e02e7cce",
                "reference": "b5874fa9ed0043116c72162ec7f4fb50e02e7cce",
                "shasum": ""
            },
            "require": {
                "php": ">=7.1 <9.0"
            },
            "require-dev": {
                "phpunit/phpunit": "^7 || ^8 || ^9 || ^10 || ^11",
                "squizlabs/php_codesniffer": "*"
            },
            "type": "library",
            "autoload": {
                "psr-4": {
                    "DASPRiD\\Enum\\": "src/"
                }
            },
            "notification-url": "https://packagist.org/downloads/",
            "license": [
                "BSD-2-Clause"
            ],
            "authors": [
                {
                    "name": "Ben Scholzen 'DASPRiD'",
                    "email": "mail@dasprids.de",
                    "homepage": "https://dasprids.de/",
                    "role": "Developer"
                }
            ],
            "description": "PHP 7.1 enum implementation",
            "keywords": [
                "enum",
                "map"
            ],
            "support": {
                "issues": "https://github.com/DASPRiD/Enum/issues",
                "source": "https://github.com/DASPRiD/Enum/tree/1.0.7"
            },
            "time": "2025-09-16T12:23:56+00:00"
        },
        {
            "name": "ezyang/htmlpurifier",
            "version": "v4.19.0",
            "source": {
                "type": "git",
                "url": "https://github.com/ezyang/htmlpurifier.git",
                "reference": "b287d2a16aceffbf6e0295559b39662612b77fcf"
            },
            "dist": {
                "type": "zip",
                "url": "https://api.github.com/repos/ezyang/htmlpurifier/zipball/b287d2a16aceffbf6e0295559b39662612b77fcf",
                "reference": "b287d2a16aceffbf6e0295559b39662612b77fcf",
                "shasum": ""
            },
            "require": {
                "php": "~5.6.0 || ~7.0.0 || ~7.1.0 || ~7.2.0 || ~7.3.0 || ~7.4.0 || ~8.0.0 || ~8.1.0 || ~8.2.0 || ~8.3.0 || ~8.4.0 || ~8.5.0"
            },
            "require-dev": {
                "cerdic/css-tidy": "^1.7 || ^2.0",
                "simpletest/simpletest": "dev-master"
            },
            "suggest": {
                "cerdic/css-tidy": "If you want to use the filter 'Filter.ExtractStyleBlocks'.",
                "ext-bcmath": "Used for unit conversion and imagecrash protection",
                "ext-iconv": "Converts text to and from non-UTF-8 encodings",
                "ext-tidy": "Used for pretty-printing HTML"
            },
            "type": "library",
            "autoload": {
                "files": [
                    "library/HTMLPurifier.composer.php"
                ],
                "psr-0": {
                    "HTMLPurifier": "library/"
                },
                "exclude-from-classmap": [
                    "/library/HTMLPurifier/Language/"
                ]
            },
            "notification-url": "https://packagist.org/downloads/",
            "license": [
                "LGPL-2.1-or-later"
            ],
            "authors": [
                {
                    "name": "Edward Z. Yang",
                    "email": "admin@htmlpurifier.org",
                    "homepage": "http://ezyang.com"
                }
            ],
            "description": "Standards compliant HTML filter written in PHP",
            "homepage": "http://htmlpurifier.org/",
            "keywords": [
                "html"
            ],
            "support": {
                "issues": "https://github.com/ezyang/htmlpurifier/issues",
                "source": "https://github.com/ezyang/htmlpurifier/tree/v4.19.0"
            },
            "time": "2025-10-17T16:34:55+00:00"
        },
        {
            "name": "latte/latte",
            "version": "v3.1.4",
            "source": {
                "type": "git",
                "url": "https://github.com/nette/latte.git",
                "reference": "14dea9fc32c0d1cf5e9a1bd59556ae8be023c2a6"
            },
            "dist": {
                "type": "zip",
                "url": "https://api.github.com/repos/nette/latte/zipball/14dea9fc32c0d1cf5e9a1bd59556ae8be023c2a6",
                "reference": "14dea9fc32c0d1cf5e9a1bd59556ae8be023c2a6",
                "shasum": ""
            },
            "require": {
                "ext-json": "*",
                "ext-tokenizer": "*",
                "php": "8.2 - 8.5"
            },
            "conflict": {
                "nette/application": "<3.1.7",
                "nette/caching": "<3.1.4"
            },
            "require-dev": {
                "nette/php-generator": "^4.0",
                "nette/phpstan-rules": "^1.0",
                "nette/tester": "^2.6",
                "nette/utils": "^4.0",
                "phpstan/extension-installer": "^1.4@stable",
                "phpstan/phpstan": "^2.1@stable",
                "tracy/tracy": "^2.10"
            },
            "suggest": {
                "ext-fileinfo": "to use filter |datastream",
                "ext-iconv": "to use filters |reverse, |substring",
                "ext-intl": "to use Latte\\Engine::setLocale()",
                "ext-mbstring": "to use filters like lower, upper, capitalize, ...",
                "nette/php-generator": "to use tag {templatePrint}",
                "nette/utils": "to use filter |webalize"
            },
            "bin": [
                "bin/latte-lint"
            ],
            "type": "library",
            "extra": {
                "branch-alias": {
                    "dev-master": "3.1-dev"
                }
            },
            "autoload": {
                "psr-4": {
                    "Latte\\": "src/Latte"
                },
                "classmap": [
                    "src/"
                ]
            },
            "notification-url": "https://packagist.org/downloads/",
            "license": [
                "BSD-3-Clause",
                "GPL-2.0-only",
                "GPL-3.0-only"
            ],
            "authors": [
                {
                    "name": "David Grudl",
                    "homepage": "https://davidgrudl.com"
                },
                {
                    "name": "Nette Community",
                    "homepage": "https://nette.org/contributors"
                }
            ],
            "description": "☕ Latte: the intuitive and fast template engine for those who want the most secure PHP sites. Introduces context-sensitive escaping.",
            "homepage": "https://latte.nette.org",
            "keywords": [
                "context-sensitive",
                "engine",
                "escaping",
                "html",
                "nette",
                "security",
                "template",
                "twig"
            ],
            "support": {
                "issues": "https://github.com/nette/latte/issues",
                "source": "https://github.com/nette/latte/tree/v3.1.4"
            },
            "time": "2026-04-23T06:30:25+00:00"
        },
        {
            "name": "marko/cli",
            "version": "0.8.4",
            "source": {
                "type": "git",
                "url": "https://github.com/marko-php/marko-cli.git",
                "reference": "c9028a6a76b4b42b9e478216806455e889cd1e5e"
            },
            "dist": {
                "type": "zip",
                "url": "https://api.github.com/repos/marko-php/marko-cli/zipball/c9028a6a76b4b42b9e478216806455e889cd1e5e",
                "reference": "c9028a6a76b4b42b9e478216806455e889cd1e5e",
                "shasum": ""
            },
            "require": {
                "php": "^8.5"
            },
            "require-dev": {
                "pestphp/pest": "^4.0"
            },
            "bin": [
                "bin/marko"
            ],
            "type": "library",
            "extra": {
                "marko": {
                    "module": true
                }
            },
            "autoload": {
                "psr-4": {
                    "Marko\\Cli\\": "src/"
                }
            },
            "notification-url": "https://packagist.org/downloads/",
            "license": [
                "MIT"
            ],
            "description": "Marko Framework CLI",
            "support": {
                "source": "https://github.com/marko-php/marko-cli/tree/0.8.4"
            },
            "time": "2026-05-02T01:27:31+00:00"
        },
        {
            "name": "marko/config",
            "version": "0.8.4",
            "source": {
                "type": "git",
                "url": "https://github.com/marko-php/marko-config.git",
                "reference": "1cc1f93b25360405f44b78ad947646496ba4c0d3"
            },
            "dist": {
                "type": "zip",
                "url": "https://api.github.com/repos/marko-php/marko-config/zipball/1cc1f93b25360405f44b78ad947646496ba4c0d3",
                "reference": "1cc1f93b25360405f44b78ad947646496ba4c0d3",
                "shasum": ""
            },
            "require": {
                "marko/core": "self.version",
                "php": "^8.5"
            },
            "require-dev": {
                "pestphp/pest": "^4.0"
            },
            "type": "marko-module",
            "extra": {
                "marko": {
                    "module": true
                }
            },
            "autoload": {
                "psr-4": {
                    "Marko\\Config\\": "src/"
                }
            },
            "notification-url": "https://packagist.org/downloads/",
            "license": [
                "MIT"
            ],
            "description": "Configuration loading and merging for Marko Framework",
            "support": {
                "source": "https://github.com/marko-php/marko-config/tree/0.8.4"
            },
            "time": "2026-05-02T01:27:31+00:00"
        },
        {
            "name": "marko/core",
            "version": "0.8.4",
            "source": {
                "type": "git",
                "url": "https://github.com/marko-php/marko-core.git",
                "reference": "29ee582381dd06e2a654786395f36f7160459894"
            },
            "dist": {
                "type": "zip",
                "url": "https://api.github.com/repos/marko-php/marko-core/zipball/29ee582381dd06e2a654786395f36f7160459894",
                "reference": "29ee582381dd06e2a654786395f36f7160459894",
                "shasum": ""
            },
            "require": {
                "php": "^8.5",
                "psr/container": "^2.0"
            },
            "require-dev": {
                "marko/testing": "self.version",
                "pestphp/pest": "^4.0"
            },
            "type": "library",
            "extra": {
                "marko": {
                    "module": true
                }
            },
            "autoload": {
                "psr-4": {
                    "Marko\\Core\\": "src/"
                }
            },
            "notification-url": "https://packagist.org/downloads/",
            "license": [
                "MIT"
            ],
            "description": "Marko Framework Core",
            "support": {
                "source": "https://github.com/marko-php/marko-core/tree/0.8.4"
            },
            "time": "2026-06-24T20:23:02+00:00"
        },
        {
            "name": "marko/database",
            "version": "0.8.4",
            "source": {
                "type": "git",
                "url": "https://github.com/marko-php/marko-database.git",
                "reference": "100735ae25d416c10d54190dbfd1d1126d15cec4"
            },
            "dist": {
                "type": "zip",
                "url": "https://api.github.com/repos/marko-php/marko-database/zipball/100735ae25d416c10d54190dbfd1d1126d15cec4",
                "reference": "100735ae25d416c10d54190dbfd1d1126d15cec4",
                "shasum": ""
            },
            "require": {
                "marko/core": "self.version",
                "php": "^8.5"
            },
            "require-dev": {
                "marko/testing": "self.version",
                "pestphp/pest": "^4.0"
            },
            "type": "library",
            "extra": {
                "marko": {
                    "module": true
                }
            },
            "autoload": {
                "psr-4": {
                    "Marko\\Database\\": "src/"
                }
            },
            "notification-url": "https://packagist.org/downloads/",
            "license": [
                "MIT"
            ],
            "description": "Marko Framework Database Layer - Entity-driven schema with Data Mapper pattern",
            "support": {
                "source": "https://github.com/marko-php/marko-database/tree/0.8.4"
            },
            "time": "2026-06-12T18:20:25+00:00"
        },
        {
            "name": "marko/database-mysql",
            "version": "0.8.4",
            "source": {
                "type": "git",
                "url": "https://github.com/marko-php/marko-database-mysql.git",
                "reference": "c379119c11e8b897b981f225b5fb02aa50b60f7f"
            },
            "dist": {
                "type": "zip",
                "url": "https://api.github.com/repos/marko-php/marko-database-mysql/zipball/c379119c11e8b897b981f225b5fb02aa50b60f7f",
                "reference": "c379119c11e8b897b981f225b5fb02aa50b60f7f",
                "shasum": ""
            },
            "require": {
                "ext-pdo": "*",
                "marko/core": "self.version",
                "marko/database": "self.version",
                "php": "^8.5"
            },
            "require-dev": {
                "pestphp/pest": "^4.0"
            },
            "type": "library",
            "extra": {
                "marko": {
                    "module": true
                }
            },
            "autoload": {
                "psr-4": {
                    "Marko\\Database\\MySql\\": "src/"
                }
            },
            "notification-url": "https://packagist.org/downloads/",
            "license": [
                "MIT"
            ],
            "description": "MySQL driver for Marko Framework Database Layer",
            "support": {
                "source": "https://github.com/marko-php/marko-database-mysql/tree/0.8.4"
            },
            "time": "2026-06-12T19:00:11+00:00"
        },
        {
            "name": "marko/errors",
            "version": "0.8.4",
            "source": {
                "type": "git",
                "url": "https://github.com/marko-php/marko-errors.git",
                "reference": "32b7f21bd5e5ca5561b1cb29b0e9703ff44ecdcc"
            },
            "dist": {
                "type": "zip",
                "url": "https://api.github.com/repos/marko-php/marko-errors/zipball/32b7f21bd5e5ca5561b1cb29b0e9703ff44ecdcc",
                "reference": "32b7f21bd5e5ca5561b1cb29b0e9703ff44ecdcc",
                "shasum": ""
            },
            "require": {
                "marko/core": "self.version",
                "php": "^8.5"
            },
            "require-dev": {
                "marko/testing": "self.version",
                "pestphp/pest": "^4.0"
            },
            "type": "library",
            "extra": {
                "marko": {
                    "module": true
                }
            },
            "autoload": {
                "psr-4": {
                    "Marko\\Errors\\": "src/"
                }
            },
            "notification-url": "https://packagist.org/downloads/",
            "license": [
                "MIT"
            ],
            "description": "Marko Framework Error Handling",
            "support": {
                "source": "https://github.com/marko-php/marko-errors/tree/0.8.4"
            },
            "time": "2026-05-27T16:19:59+00:00"
        },
        {
            "name": "marko/errors-simple",
            "version": "0.8.4",
            "source": {
                "type": "git",
                "url": "https://github.com/marko-php/marko-errors-simple.git",
                "reference": "c7d3db2d3d85ce5ce58c4f6c4e137b8114d00015"
            },
            "dist": {
                "type": "zip",
                "url": "https://api.github.com/repos/marko-php/marko-errors-simple/zipball/c7d3db2d3d85ce5ce58c4f6c4e137b8114d00015",
                "reference": "c7d3db2d3d85ce5ce58c4f6c4e137b8114d00015",
                "shasum": ""
            },
            "require": {
                "marko/core": "self.version",
                "marko/errors": "self.version",
                "php": ">=8.5"
            },
            "require-dev": {
                "pestphp/pest": "^4.0"
            },
            "type": "library",
            "extra": {
                "marko": {
                    "module": true
                }
            },
            "autoload": {
                "psr-4": {
                    "Marko\\ErrorsSimple\\": "src/"
                }
            },
            "notification-url": "https://packagist.org/downloads/",
            "license": [
                "MIT"
            ],
            "description": "Simple error handling and display for the Marko framework",
            "support": {
                "source": "https://github.com/marko-php/marko-errors-simple/tree/0.8.4"
            },
            "time": "2026-06-12T17:56:54+00:00"
        },
        {
            "name": "marko/framework",
            "version": "0.8.4",
            "source": {
                "type": "git",
                "url": "https://github.com/marko-php/marko-framework.git",
                "reference": "8ac2d58dd561e74c96630908991c3ec351e6be48"
            },
            "dist": {
                "type": "zip",
                "url": "https://api.github.com/repos/marko-php/marko-framework/zipball/8ac2d58dd561e74c96630908991c3ec351e6be48",
                "reference": "8ac2d58dd561e74c96630908991c3ec351e6be48",
                "shasum": ""
            },
            "require": {
                "marko/cli": "self.version",
                "marko/config": "self.version",
                "marko/core": "self.version",
                "marko/errors": "self.version",
                "marko/errors-simple": "self.version",
                "marko/hashing": "self.version",
                "marko/routing": "self.version",
                "marko/validation": "self.version",
                "php": "^8.5"
            },
            "suggest": {
                "marko/authentication": "Authentication abstraction layer",
                "marko/cache": "Cache abstraction layer",
                "marko/cache-file": "File-based cache driver",
                "marko/database": "Database abstraction layer",
                "marko/database-mysql": "MySQL database driver",
                "marko/database-pgsql": "PostgreSQL database driver",
                "marko/errors-advanced": "Advanced error handling with detailed debugging",
                "marko/filesystem": "Filesystem abstraction layer",
                "marko/filesystem-local": "Local filesystem driver",
                "marko/log": "Logging abstraction layer",
                "marko/log-file": "File-based logging driver",
                "marko/session": "Session abstraction layer",
                "marko/session-file": "File-based session driver"
            },
            "type": "metapackage",
            "extra": {
                "marko": {
                    "module": true
                }
            },
            "notification-url": "https://packagist.org/downloads/",
            "license": [
                "MIT"
            ],
            "description": "Marko Framework - All core packages for typical web applications",
            "support": {
                "source": "https://github.com/marko-php/marko-framework/tree/0.8.4"
            },
            "time": "2026-05-29T12:25:24+00:00"
        },
        {
            "name": "marko/hashing",
            "version": "0.8.4",
            "source": {
                "type": "git",
                "url": "https://github.com/marko-php/marko-hashing.git",
                "reference": "ab3733518f4a8210810fb288a192e83b2a8842db"
            },
            "dist": {
                "type": "zip",
                "url": "https://api.github.com/repos/marko-php/marko-hashing/zipball/ab3733518f4a8210810fb288a192e83b2a8842db",
                "reference": "ab3733518f4a8210810fb288a192e83b2a8842db",
                "shasum": ""
            },
            "require": {
                "marko/config": "self.version",
                "marko/core": "self.version",
                "php": "^8.5"
            },
            "require-dev": {
                "marko/testing": "self.version",
                "pestphp/pest": "^4.0"
            },
            "type": "marko-module",
            "extra": {
                "marko": {
                    "module": true
                }
            },
            "autoload": {
                "psr-4": {
                    "Marko\\Hashing\\": "src/"
                }
            },
            "notification-url": "https://packagist.org/downloads/",
            "license": [
                "MIT"
            ],
            "description": "Password hashing and verification for Marko Framework",
            "support": {
                "source": "https://github.com/marko-php/marko-hashing/tree/0.8.4"
            },
            "time": "2026-03-25T17:53:35+00:00"
        },
        {
            "name": "marko/routing",
            "version": "0.8.4",
            "source": {
                "type": "git",
                "url": "https://github.com/marko-php/marko-routing.git",
                "reference": "288c4b07b701772390f36ecdb9890236ba684fd8"
            },
            "dist": {
                "type": "zip",
                "url": "https://api.github.com/repos/marko-php/marko-routing/zipball/288c4b07b701772390f36ecdb9890236ba684fd8",
                "reference": "288c4b07b701772390f36ecdb9890236ba684fd8",
                "shasum": ""
            },
            "require": {
                "marko/core": "self.version",
                "php": "^8.5"
            },
            "require-dev": {
                "pestphp/pest": "^4.0"
            },
            "type": "library",
            "extra": {
                "marko": {
                    "module": true
                }
            },
            "autoload": {
                "psr-4": {
                    "Marko\\Routing\\": "src/"
                }
            },
            "notification-url": "https://packagist.org/downloads/",
            "license": [
                "MIT"
            ],
            "description": "Marko Framework Routing",
            "support": {
                "source": "https://github.com/marko-php/marko-routing/tree/0.8.4"
            },
            "time": "2026-06-12T19:00:11+00:00"
        },
        {
            "name": "marko/validation",
            "version": "0.8.4",
            "source": {
                "type": "git",
                "url": "https://github.com/marko-php/marko-validation.git",
                "reference": "a3f3dc52d6d5df53ae66802191b7d2db41229929"
            },
            "dist": {
                "type": "zip",
                "url": "https://api.github.com/repos/marko-php/marko-validation/zipball/a3f3dc52d6d5df53ae66802191b7d2db41229929",
                "reference": "a3f3dc52d6d5df53ae66802191b7d2db41229929",
                "shasum": ""
            },
            "require": {
                "php": "^8.5"
            },
            "type": "marko-module",
            "extra": {
                "marko": {
                    "module": true
                }
            },
            "autoload": {
                "psr-4": {
                    "Marko\\Validation\\": "src/"
                }
            },
            "notification-url": "https://packagist.org/downloads/",
            "license": [
                "MIT"
            ],
            "description": "Validation component for Marko Framework",
            "support": {
                "source": "https://github.com/marko-php/marko-validation/tree/0.8.4"
            },
            "time": "2026-06-12T17:56:54+00:00"
        },
        {
            "name": "psr/container",
            "version": "2.0.2",
            "source": {
                "type": "git",
                "url": "https://github.com/php-fig/container.git",
                "reference": "c71ecc56dfe541dbd90c5360474fbc405f8d5963"
            },
            "dist": {
                "type": "zip",
                "url": "https://api.github.com/repos/php-fig/container/zipball/c71ecc56dfe541dbd90c5360474fbc405f8d5963",
                "reference": "c71ecc56dfe541dbd90c5360474fbc405f8d5963",
                "shasum": ""
            },
            "require": {
                "php": ">=7.4.0"
            },
            "type": "library",
            "extra": {
                "branch-alias": {
                    "dev-master": "2.0.x-dev"
                }
            },
            "autoload": {
                "psr-4": {
                    "Psr\\Container\\": "src/"
                }
            },
            "notification-url": "https://packagist.org/downloads/",
            "license": [
                "MIT"
            ],
            "authors": [
                {
                    "name": "PHP-FIG",
                    "homepage": "https://www.php-fig.org/"
                }
            ],
            "description": "Common Container Interface (PHP FIG PSR-11)",
            "homepage": "https://github.com/php-fig/container",
            "keywords": [
                "PSR-11",
                "container",
                "container-interface",
                "container-interop",
                "psr"
            ],
            "support": {
                "issues": "https://github.com/php-fig/container/issues",
                "source": "https://github.com/php-fig/container/tree/2.0.2"
            },
            "time": "2021-11-05T16:47:00+00:00"
        }
    ],
    "packages-dev": [],
    "aliases": [],
    "minimum-stability": "stable",
    "stability-flags": {},
    "prefer-stable": false,
    "prefer-lowest": false,
    "platform": {
        "php": "^8.5",
        "ext-pdo": "*"
    },
    "platform-dev": {},
    "plugin-api-version": "2.9.0"
}
